
Microsoft Visual Studio Solution File, Format Version 12.00
# Visual Studio 2013
VisualStudioVersion = 12.0.21005.1
MinimumVisualStudioVersion = 10.0.40219.1
Project("{FAE04EC0-301F-11D3-BF4B-00C04F79EFBC}") = "Banking.Application", "Banking.Application\Banking.Application.csproj", "{E61A9435-75BF-44A7-99BD-7262FE7D4489}"
EndProject
Project("{FAE04EC0-301F-11D3-BF4B-00C04F79EFBC}") = "Banking.Domain", "Banking.Domain\Banking.Domain.csproj", "{DE0244D4-E0EE-4FC9-8A30-980EF8A457F4}"
EndProject
Project("{FAE04EC0-301F-11D3-BF4B-00C04F79EFBC}") = "Banking.Repository", "Banking.Repository\Banking.Repository.csproj", "{14AD205B-4740-43C0-95D6-4219C1C328BB}"
EndProject
Project("{2150E333-8FDC-42A3-9474-1A3956D46DE8}") = "src", "src", "{B3B35A58-887D-4BFC-9A7D-386F00B48137}"
EndProject
Project("{2150E333-8FDC-42A3-9474-1A3956D46DE8}") = "tests", "tests", "{7328EA97-16B1-4C00-9646-517F750CFC91}"
EndProject
Project("{FAE04EC0-301F-11D3-BF4B-00C04F79EFBC}") = "UnitTests", "UnitTests\UnitTests.csproj", "{1C02BDEA-874F-4F20-A8A8-A50BB502C1B9}"
EndProject
Global
	GlobalSection(SolutionConfigurationPlatforms) = preSolution
		Debug|Any CPU = Debug|Any CPU
		Release|Any CPU = Release|Any CPU
	EndGlobalSection
	GlobalSection(ProjectConfigurationPlatforms) = postSolution
		{E61A9435-75BF-44A7-99BD-7262FE7D4489}.Debug|Any CPU.ActiveCfg = Debug|Any CPU
		{E61A9435-75BF-44A7-99BD-7262FE7D4489}.Debug|Any CPU.Build.0 = Debug|Any CPU
		{E61A9435-75BF-44A7-99BD-7262FE7D4489}.Release|Any CPU.ActiveCfg = Release|Any CPU
		{E61A9435-75BF-44A7-99BD-7262FE7D4489}.Release|Any CPU.Build.0 = Release|Any CPU
		{DE0244D4-E0EE-4FC9-8A30-980EF8A457F4}.Debug|Any CPU.ActiveCfg = Debug|Any CPU
		{DE0244D4-E0EE-4FC9-8A30-980EF8A457F4}.Debug|Any CPU.Build.0 = Debug|Any CPU
		{DE0244D4-E0EE-4FC9-8A30-980EF8A457F4}.Release|Any CPU.ActiveCfg = Release|Any CPU
		{DE0244D4-E0EE-4FC9-8A30-980EF8A457F4}.Release|Any CPU.Build.0 = Release|Any CPU
		{14AD205B-4740-43C0-95D6-4219C1C328BB}.Debug|Any CPU.ActiveCfg = Debug|Any CPU
		{14AD205B-4740-43C0-95D6-4219C1C328BB}.Debug|Any CPU.Build.0 = Debug|Any CPU
		{14AD205B-4740-43C0-95D6-4219C1C328BB}.Release|Any CPU.ActiveCfg = Release|Any CPU
		{14AD205B-4740-43C0-95D6-4219C1C328BB}.Release|Any CPU.Build.0 = Release|Any CPU
		{1C02BDEA-874F-4F20-A8A8-A50BB502C1B9}.Debug|Any CPU.ActiveCfg = Debug|Any CPU
		{1C02BDEA-874F-4F20-A8A8-A50BB502C1B9}.Debug|Any CPU.Build.0 = Debug|Any CPU
		{1C02BDEA-874F-4F20-A8A8-A50BB502C1B9}.Release|Any CPU.ActiveCfg = Release|Any CPU
		{1C02BDEA-874F-4F20-A8A8-A50BB502C1B9}.Release|Any CPU.Build.0 = Release|Any CPU
	EndGlobalSection
	GlobalSection(SolutionProperties) = preSolution
		HideSolutionNode = FALSE
	EndGlobalSection
	GlobalSection(NestedProjects) = preSolution
		{DE0244D4-E0EE-4FC9-8A30-980EF8A457F4} = {B3B35A58-887D-4BFC-9A7D-386F00B48137}
		{14AD205B-4740-43C0-95D6-4219C1C328BB} = {B3B35A58-887D-4BFC-9A7D-386F00B48137}
		{E61A9435-75BF-44A7-99BD-7262FE7D4489} = {B3B35A58-887D-4BFC-9A7D-386F00B48137}
		{1C02BDEA-874F-4F20-A8A8-A50BB502C1B9} = {7328EA97-16B1-4C00-9646-517F750CFC91}
	EndGlobalSection
EndGlobal
